// !$*UTF8*$!
{
	archiveVersion = 1;
	classes = {
	};
	objectVersion = 46;
	objects = {

/* Begin PBXBuildFile section */
		0AD802E41BC840D30025D4CF /* AppDelegate.swift in Sources */ = {isa = PBXBuildFile; fileRef = 0AD802E31BC840D30025D4CF /* AppDelegate.swift */; };
		0AD802E61BC840D30025D4CF /* ViewController.swift in Sources */ = {isa = PBXBuildFile; fileRef = 0AD802E51BC840D30025D4CF /* ViewController.swift */; };
		0AD802E91BC840D30025D4CF /* Main.storyboard in Resources */ = {isa = PBXBuildFile; fileRef = 0AD802E71BC840D30025D4CF /* Main.storyboard */; };
		0AD802EB1BC840D30025D4CF /* Assets.xcassets in Resources */ = {isa = PBXBuildFile; fileRef = 0AD802EA1BC840D30025D4CF /* Assets.xcassets */; };
		0AD802EE1BC840D30025D4CF /* LaunchScreen.storyboard in Resources */ = {isa = PBXBuildFile; fileRef = 0AD802EC1BC840D30025D4CF /* LaunchScreen.storyboard */; };
		0AD802F61BC84AAC0025D4CF /* AboutVC.swift in Sources */ = {isa = PBXBuildFile; fileRef = 0AD802F51BC84AAC0025D4CF /* AboutVC.swift */; };
		0AD802F81BC84AC50025D4CF /* PhotosVC.swift in Sources */ = {isa = PBXBuildFile; fileRef = 0AD802F71BC84AC50025D4CF /* PhotosVC.swift */; };
		0AD802FA1BC84F0F0025D4CF /* ButtonRounded.swift in Sources */ = {isa = PBXBuildFile; fileRef = 0AD802F91BC84F0F0025D4CF /* ButtonRounded.swift */; };
/* End PBXBuildFile section */

/* Begin PBXFileReference section */
		0AD802E01BC840D30025D4CF /* monclovaCity.app */ = {isa = PBXFileReference; explicitFileType = wrapper.application; includeInIndex = 0; path = monclovaCity.app; sourceTree = BUILT_PRODUCTS_DIR; };
		0AD802E31BC840D30025D4CF /* AppDelegate.swift */ = {isa = PBXFileReference; lastKnownFileType = sourcecode.swift; path = AppDelegate.swift; sourceTree = "<group>"; };
		0AD802E51BC840D30025D4CF /* ViewController.swift */ = {isa = PBXFileReference; lastKnownFileType = sourcecode.swift; path = ViewController.swift; sourceTree = "<group>"; };
		0AD802E81BC840D30025D4CF /* Base */ = {isa = PBXFileReference; lastKnownFileType = file.storyboard; name = Base; path = Base.lproj/Main.storyboard; sourceTree = "<group>"; };
		0AD802EA1BC840D30025D4CF /* Assets.xcassets */ = {isa = PBXFileReference; lastKnownFileType = folder.assetcatalog; path = Assets.xcassets; sourceTree = "<group>"; };
		0AD802ED1BC840D30025D4CF /* Base */ = {isa = PBXFileReference; lastKnownFileType = file.storyboard; name = Base; path = Base.lproj/LaunchScreen.storyboard; sourceTree = "<group>"; };
		0AD802EF1BC840D30025D4CF /* Info.plist */ = {isa = PBXFileReference; lastKnownFileType = text.plist.xml; path = Info.plist; sourceTree = "<group>"; };
		0AD802F51BC84AAC0025D4CF /* AboutVC.swift */ = {isa = PBXFileReference; fileEncoding = 4; lastKnownFileType = sourcecode.swift; path = AboutVC.swift; sourceTree = "<group>"; };
		0AD802F71BC84AC50025D4CF /* PhotosVC.swift */ = {isa = PBXFileReference; fileEncoding = 4; lastKnownFileType = sourcecode.swift; path = PhotosVC.swift; sourceTree = "<group>"; };
		0AD802F91BC84F0F0025D4CF /* ButtonRounded.swift */ = {isa = PBXFileReference; fileEncoding = 4; lastKnownFileType = sourcecode.swift; path = ButtonRounded.swift; sourceTree = "<group>"; };
/* End PBXFileReference section */

/* Begin PBXFrameworksBuildPhase section */
		0AD802DD1BC840D30025D4CF /* Frameworks */ = {
			isa = PBXFrameworksBuildPhase;
			buildActionMask = 2147483647;
			files = (
			);
			runOnlyForDeploymentPostprocessing = 0;
		};
/* End PBXFrameworksBuildPhase section */

/* Begin PBXGroup section */
		0AD802D71BC840D30025D4CF = {
			isa = PBXGroup;
			children = (
				0AD802E21BC840D30025D4CF /* monclovaCity */,
				0AD802E11BC840D30025D4CF /* Products */,
			);
			sourceTree = "<group>";
		};
		0AD802E11BC840D30025D4CF /* Products */ = {
			isa = PBXGroup;
			children = (
				0AD802E01BC840D30025D4CF /* monclovaCity.app */,
			);
			name = Products;
			sourceTree = "<group>";
		};
		0AD802E21BC840D30025D4CF /* monclovaCity */ = {
			isa = PBXGroup;
			children = (
				0AD802E31BC840D30025D4CF /* AppDelegate.swift */,
				0AD802E51BC840D30025D4CF /* ViewController.swift */,
				0AD802F51BC84AAC0025D4CF /* AboutVC.swift */,
				0AD802F71BC84AC50025D4CF /* PhotosVC.swift */,
				0AD802E71BC840D30025D4CF /* Main.storyboard */,
				0AD802EA1BC840D30025D4CF /* Assets.xcassets */,
				0AD802EC1BC840D30025D4CF /* LaunchScreen.storyboard */,
				0AD802EF1BC840D30025D4CF /* Info.plist */,
				0AD802F91BC84F0F0025D4CF /* ButtonRounded.swift */,
			);
			path = monclovaCity;
			sourceTree = "<group>";
		};
/* End PBXGroup section */

/* Begin PBXNativeTarget section */
		0AD802DF1BC840D30025D4CF /* monclovaCity */ = {
			isa = PBXNativeTarget;
			buildConfigurationList = 0AD802F21BC840D30025D4CF /* Build configuration list for PBXNativeTarget "monclovaCity" */;
			buildPhases = (
				0AD802DC1BC840D30025D4CF /* Sources */,
				0AD802DD1BC840D30025D4CF /* Frameworks */,
				0AD802DE1BC840D30025D4CF /* Resources */,
			);
			buildRules = (
			);
			dependencies = (
			);
			name = monclovaCity;
			productName = monclovaCity;
			productReference = 0AD802E01BC840D30025D4CF /* monclovaCity.app */;
			productType = "com.apple.product-type.application";
		};
/* End PBXNativeTarget section */

/* Begin PBXProject section */
		0AD802D81BC840D30025D4CF /* Project object */ = {
			isa = PBXProject;
			attributes = {
				LastSwiftUpdateCheck = 0710;
				LastUpgradeCheck = 0710;
				ORGANIZATIONNAME = "Ramiro Martinez Chavez";
				TargetAttributes = {
					0AD802DF1BC840D30025D4CF = {
						CreatedOnToolsVersion = 7.1;
					};
				};
			};
			buildConfigurationList = 0AD802DB1BC840D30025D4CF /* Build configuration list for PBXProject "monclovaCity" */;
			compatibilityVersion = "Xcode 3.2";
			developmentRegion = English;
			hasScannedForEncodings = 0;
			knownRegions = (
				en,
				Base,
			);
			mainGroup = 0AD802D71BC840D30025D4CF;
			productRefGroup = 0AD802E11BC840D30025D4CF /* Products */;
			projectDirPath = "";
			projectRoot = "";
			targets = (
				0AD802DF1BC840D30025D4CF /* monclovaCity */,
			);
		};
/* End PBXProject section */

/* Begin PBXResourcesBuildPhase section */
		0AD802DE1BC840D30025D4CF /* Resources */ = {
			isa = PBXResourcesBuildPhase;
			buildActionMask = 2147483647;
			files = (
				0AD802EE1BC840D30025D4CF /* LaunchScreen.storyboard in Resources */,
				0AD802EB1BC840D30025D4CF /* Assets.xcassets in Resources */,
				0AD802E91BC840D30025D4CF /* Main.storyboard in Resources */,
			);
			runOnlyForDeploymentPostprocessing = 0;
		};
/* End PBXResourcesBuildPhase section */

/* Begin PBXSourcesBuildPhase section */
		0AD802DC1BC840D30025D4CF /* Sources */ = {
			isa = PBXSourcesBuildPhase;
			buildActionMask = 2147483647;
			files = (
				0AD802FA1BC84F0F0025D4CF /* ButtonRounded.swift in Sources */,
				0AD802E61BC840D30025D4CF /* ViewController.swift in Sources */,
				0AD802E41BC840D30025D4CF /* AppDelegate.swift in Sources */,
				0AD802F61BC84AAC0025D4CF /* AboutVC.swift in Sources */,
				0AD802F81BC84AC50025D4CF /* PhotosVC.swift in Sources */,
			);
			runOnlyForDeploymentPostprocessing = 0;
		};
/* End PBXSourcesBuildPhase section */

/* Begin PBXVariantGroup section */
		0AD802E71BC840D30025D4CF /* Main.storyboard */ = {
			isa = PBXVariantGroup;
			children = (
				0AD802E81BC840D30025D4CF /* Base */,
			);
			name = Main.storyboard;
			sourceTree = "<group>";
		};
		0AD802EC1BC840D30025D4CF /* LaunchScreen.storyboard */ = {
			isa = PBXVariantGroup;
			children = (
				0AD802ED1BC840D30025D4CF /* Base */,
			);
			name = LaunchScreen.storyboard;
			sourceTree = "<group>";
		};
/* End PBXVariantGroup section */

/* Begin XCBuildConfiguration section */
		0AD802F01BC840D30025D4CF /* Debug */ = {
			isa = XCBuildConfiguration;
			buildSettings = {
				ALWAYS_SEARCH_USER_PATHS = NO;
				CLANG_CXX_LANGUAGE_STANDARD = "gnu++0x";
				CLANG_CXX_LIBRARY = "libc++";
				CLANG_ENABLE_MODULES = YES;
				CLANG_ENABLE_OBJC_ARC = YES;
				CLANG_WARN_BOOL_CONVERSION = YES;
				CLANG_WARN_CONSTANT_CONVERSION = YES;
				CLANG_WARN_DIRECT_OBJC_ISA_USAGE = YES_ERROR;
				CLANG_WARN_EMPTY_BODY = YES;
				CLANG_WARN_ENUM_CONVERSION = YES;
				CLANG_WARN_INT_CONVERSION = YES;
				CLANG_WARN_OBJC_ROOT_CLASS = YES_ERROR;
				CLANG_WARN_UNREACHABLE_CODE = YES;
				CLANG_WARN__DUPLICATE_METHOD_MATCH = YES;
				"CODE_SIGN_IDENTITY[sdk=iphoneos*]" = "iPhone Developer";
				COPY_PHASE_STRIP = NO;
				DEBUG_INFORMATION_FORMAT = dwarf;
				ENABLE_STRICT_OBJC_MSGSEND = YES;
				ENABLE_TESTABILITY = YES;
				GCC_C_LANGUAGE_STANDARD = gnu99;
				GCC_DYNAMIC_NO_PIC = NO;
				GCC_NO_COMMON_BLOCKS = YES;
				GCC_OPTIMIZATION_LEVEL = 0;
				GCC_PREPROCESSOR_DEFINITIONS = (
					"DEBUG=1",
					"$(inherited)",
				);
				GCC_WARN_64_TO_32_BIT_CONVERSION = YES;
				GCC_WARN_ABOUT_RETURN_TYPE = YES_ERROR;
				GCC_WARN_UNDECLARED_SELECTOR = YES;
				GCC_WARN_UNINITIALIZED_AUTOS = YES_AGGRESSIVE;
				GCC_WARN_UNUSED_FUNCTION = YES;
				GCC_WARN_UNUSED_VARIABLE = YES;
				IPHONEOS_DEPLOYMENT_TARGET = 9.1;
				MTL_ENABLE_DEBUG_INFO = YES;
				ONLY_ACTIVE_ARCH = YES;
				SDKROOT = iphoneos;
				SWIFT_OPTIMIZATION_LEVEL = "-Onone";
				TARGETED_DEVICE_FAMILY = "1,2";
			};
			name = Debug;
		};
		0AD802F11BC840D30025D4CF /* Release */ = {
			isa = XCBuildConfiguration;
			buildSettings = {
				ALWAYS_SEARCH_USER_PATHS = NO;
				CLANG_CXX_LANGUAGE_STANDARD = "gnu++0x";
				CLANG_CXX_LIBRARY = "libc++";
				CLANG_ENABLE_MODULES = YES;
				CLANG_ENABLE_OBJC_ARC = YES;
				CLANG_WARN_BOOL_CONVERSION = YES;
				CLANG_WARN_CONSTANT_CONVERSION = YES;
				CLANG_WARN_DIRECT_OBJC_ISA_USAGE = YES_ERROR;
				CLANG_WARN_EMPTY_BODY = YES;
				CLANG_WARN_ENUM_CONVERSION = YES;
				CLANG_WARN_INT_CONVERSION = YES;
				CLANG_WARN_OBJC_ROOT_CLASS = YES_ERROR;
				CLANG_WARN_UNREACHABLE_CODE = YES;
				CLANG_WARN__DUPLICATE_METHOD_MATCH = YES;
				"CODE_SIGN_IDENTITY[sdk=iphoneos*]" = "iPhone Developer";
				COPY_PHASE_STRIP = NO;
				DEBUG_INFORMATION_FORMAT = "dwarf-with-dsym";
				ENABLE_NS_ASSERTIONS = NO;
				ENABLE_STRICT_OBJC_MSGSEND = YES;
				GCC_C_LANGUAGE_STANDARD = gnu99;
				GCC_NO_COMMON_BLOCKS = YES;
				GCC_WARN_64_TO_32_BIT_CONVERSION = YES;
				GCC_WARN_ABOUT_RETURN_TYPE = YES_ERROR;
				GCC_WARN_UNDECLARED_SELECTOR = YES;
				GCC_WARN_UNINITIALIZED_AUTOS = YES_AGGRESSIVE;
				GCC_WARN_UNUSED_FUNCTION = YES;
				GCC_WARN_UNUSED_VARIABLE = YES;
				IPHONEOS_DEPLOYMENT_TARGET = 9.1;
				MTL_ENABLE_DEBUG_INFO = NO;
				SDKROOT = iphoneos;
				TARGETED_DEVICE_FAMILY = "1,2";
				VALIDATE_PRODUCT = YES;
			};
			name = Release;
		};
		0AD802F31BC840D30025D4CF /* Debug */ = {
			isa = XCBuildConfiguration;
			buildSettings = {
				ASSETCATALOG_COMPILER_APPICON_NAME = AppIcon;
				INFOPLIST_FILE = monclovaCity/Info.plist;
				LD_RUNPATH_SEARCH_PATHS = "$(inherited) @executable_path/Frameworks";
				PRODUCT_BUNDLE_IDENTIFIER = com.marchadevs.monclovaCity;
				PRODUCT_NAME = "$(TARGET_NAME)";
			};
			name = Debug;
		};
		0AD802F41BC840D30025D4CF /* Release */ = {
			isa = XCBuildConfiguration;
			buildSettings = {
				ASSETCATALOG_COMPILER_APPICON_NAME = AppIcon;
				INFOPLIST_FILE = monclovaCity/Info.plist;
				LD_RUNPATH_SEARCH_PATHS = "$(inherited) @executable_path/Frameworks";
				PRODUCT_BUNDLE_IDENTIFIER = com.marchadevs.monclovaCity;
				PRODUCT_NAME = "$(TARGET_NAME)";
			};
			name = Release;
		};
/* End XCBuildConfiguration section */

/* Begin XCConfigurationList section */
		0AD802DB1BC840D30025D4CF /* Build configuration list for PBXProject "monclovaCity" */ = {
			isa = XCConfigurationList;
			buildConfigurations = (
				0AD802F01BC840D30025D4CF /* Debug */,
				0AD802F11BC840D30025D4CF /* Release */,
			);
			defaultConfigurationIsVisible = 0;
			defaultConfigurationName = Release;
		};
		0AD802F21BC840D30025D4CF /* Build configuration list for PBXNativeTarget "monclovaCity" */ = {
			isa = XCConfigurationList;
			buildConfigurations = (
				0AD802F31BC840D30025D4CF /* Debug */,
				0AD802F41BC840D30025D4CF /* Release */,
			);
			defaultConfigurationIsVisible = 0;
		};
/* End XCConfigurationList section */
	};
	rootObject = 0AD802D81BC840D30025D4CF /* Project object */;
}
